
Microsoft Visual Studio Solution File, Format Version 12.00
# Visual Studio 15
VisualStudioVersion = 15.0.27004.2002
MinimumVisualStudioVersion = 10.0.40219.1
Project("{2150E333-8FDC-42A3-9474-1A3956D46DE8}") = "Easy Problems", "Easy Problems", "{83798ADD-C0EF-4A4F-A672-8ED3081E69C6}"
EndProject
Project("{2150E333-8FDC-42A3-9474-1A3956D46DE8}") = "Medium Problems", "Medium Problems", "{5E49C7F8-95E0-4764-ACAB-232CB2B49AC9}"
EndProject
Project("{2150E333-8FDC-42A3-9474-1A3956D46DE8}") = "Hard Problems", "Hard Problems", "{C8426402-D58E-4F30-BF05-D34F9FA524C0}"
EndProject
Project("{FAE04EC0-301F-11D3-BF4B-00C04F79EFBC}") = "Palindrome Number", "Palindrome Number\Palindrome Number.csproj", "{3E2DDA1C-7ABC-42A4-BDC9-E7AFD57912A5}"
EndProject
Project("{FAE04EC0-301F-11D3-BF4B-00C04F79EFBC}") = "Reverse Integer", "Reverse Integer\Reverse Integer.csproj", "{4D53B00D-F9D0-4E99-82E5-E9BB0FA0EF61}"
EndProject
Project("{FAE04EC0-301F-11D3-BF4B-00C04F79EFBC}") = "ZigZag Conversion", "ZigZag Conversion\ZigZag Conversion.csproj", "{FEA9D706-CAEE-406D-80B2-9C12DA78AFA9}"
EndProject
Project("{FAE04EC0-301F-11D3-BF4B-00C04F79EFBC}") = "String to Integer (atoi)", "String to Integer (atoi)\String to Integer (atoi).csproj", "{8AF6AEB4-937D-423D-8EFB-782C13703543}"
EndProject
Project("{FAE04EC0-301F-11D3-BF4B-00C04F79EFBC}") = "Regular Expression Matching", "Regular Expression Matching\Regular Expression Matching.csproj", "{9D43EDD9-F774-4919-A09A-870B2F0C6549}"
EndProject
Project("{FAE04EC0-301F-11D3-BF4B-00C04F79EFBC}") = "Container With Most Water", "Container With Most Water\Container With Most Water.csproj", "{DDCF2ACC-FA00-4A4E-AE81-DA011E02CA63}"
EndProject
Project("{FAE04EC0-301F-11D3-BF4B-00C04F79EFBC}") = "Integer to Roman", "Integer to Roman\Integer to Roman.csproj", "{82DD741C-E716-4AAF-A52F-2D7F336AA604}"
EndProject
Project("{FAE04EC0-301F-11D3-BF4B-00C04F79EFBC}") = "Roman to Integer", "Roman to Integer\Roman to Integer.csproj", "{426E83E7-BC5C-4825-B6B1-098EB6D2ED44}"
EndProject
Project("{FAE04EC0-301F-11D3-BF4B-00C04F79EFBC}") = "3Sum", "3Sum\3Sum.csproj", "{98317E62-391E-474C-B9B7-AC6BDA195A26}"
EndProject
Project("{FAE04EC0-301F-11D3-BF4B-00C04F79EFBC}") = "Longest Common Prefix", "Longest Common Prefix\Longest Common Prefix.csproj", "{2D90BA90-4EFE-4985-A0D1-6F1A78CDB459}"
EndProject
Project("{FAE04EC0-301F-11D3-BF4B-00C04F79EFBC}") = "3Sum Closest", "3Sum Closest\3Sum Closest.csproj", "{20D4A386-B1A7-4F7D-9D29-627728C03BB3}"
EndProject
Project("{FAE04EC0-301F-11D3-BF4B-00C04F79EFBC}") = "Letter Combinations of a Phone Number", "Letter Combinations of a Phone Number\Letter Combinations of a Phone Number.csproj", "{4CB12F72-750E-48CB-9821-F22797861858}"
EndProject
Project("{FAE04EC0-301F-11D3-BF4B-00C04F79EFBC}") = "4Sum", "4Sum\4Sum.csproj", "{19DC0037-2987-4EDD-B2F4-82A43CCA51FE}"
EndProject
Project("{FAE04EC0-301F-11D3-BF4B-00C04F79EFBC}") = "Remove Nth Node From End of List", "Remove Nth Node From End of List\Remove Nth Node From End of List.csproj", "{02AA3F8C-2D7E-42E1-8FDD-FFEA3BD42433}"
EndProject
Project("{FAE04EC0-301F-11D3-BF4B-00C04F79EFBC}") = "Valid Parentheses", "Valid Parentheses\Valid Parentheses.csproj", "{0CD95E06-0131-4C42-8DBC-650039BA4F78}"
EndProject
Global
	GlobalSection(SolutionConfigurationPlatforms) = preSolution
		Debug|Any CPU = Debug|Any CPU
		Release|Any CPU = Release|Any CPU
	EndGlobalSection
	GlobalSection(ProjectConfigurationPlatforms) = postSolution
		{3E2DDA1C-7ABC-42A4-BDC9-E7AFD57912A5}.Debug|Any CPU.ActiveCfg = Debug|Any CPU
		{3E2DDA1C-7ABC-42A4-BDC9-E7AFD57912A5}.Debug|Any CPU.Build.0 = Debug|Any CPU
		{3E2DDA1C-7ABC-42A4-BDC9-E7AFD57912A5}.Release|Any CPU.ActiveCfg = Release|Any CPU
		{3E2DDA1C-7ABC-42A4-BDC9-E7AFD57912A5}.Release|Any CPU.Build.0 = Release|Any CPU
		{4D53B00D-F9D0-4E99-82E5-E9BB0FA0EF61}.Debug|Any CPU.ActiveCfg = Debug|Any CPU
		{4D53B00D-F9D0-4E99-82E5-E9BB0FA0EF61}.Debug|Any CPU.Build.0 = Debug|Any CPU
		{4D53B00D-F9D0-4E99-82E5-E9BB0FA0EF61}.Release|Any CPU.ActiveCfg = Release|Any CPU
		{4D53B00D-F9D0-4E99-82E5-E9BB0FA0EF61}.Release|Any CPU.Build.0 = Release|Any CPU
		{FEA9D706-CAEE-406D-80B2-9C12DA78AFA9}.Debug|Any CPU.ActiveCfg = Debug|Any CPU
		{FEA9D706-CAEE-406D-80B2-9C12DA78AFA9}.Debug|Any CPU.Build.0 = Debug|Any CPU
		{FEA9D706-CAEE-406D-80B2-9C12DA78AFA9}.Release|Any CPU.ActiveCfg = Release|Any CPU
		{FEA9D706-CAEE-406D-80B2-9C12DA78AFA9}.Release|Any CPU.Build.0 = Release|Any CPU
		{8AF6AEB4-937D-423D-8EFB-782C13703543}.Debug|Any CPU.ActiveCfg = Debug|Any CPU
		{8AF6AEB4-937D-423D-8EFB-782C13703543}.Debug|Any CPU.Build.0 = Debug|Any CPU
		{8AF6AEB4-937D-423D-8EFB-782C13703543}.Release|Any CPU.ActiveCfg = Release|Any CPU
		{8AF6AEB4-937D-423D-8EFB-782C13703543}.Release|Any CPU.Build.0 = Release|Any CPU
		{9D43EDD9-F774-4919-A09A-870B2F0C6549}.Debug|Any CPU.ActiveCfg = Debug|Any CPU
		{9D43EDD9-F774-4919-A09A-870B2F0C6549}.Debug|Any CPU.Build.0 = Debug|Any CPU
		{9D43EDD9-F774-4919-A09A-870B2F0C6549}.Release|Any CPU.ActiveCfg = Release|Any CPU
		{9D43EDD9-F774-4919-A09A-870B2F0C6549}.Release|Any CPU.Build.0 = Release|Any CPU
		{DDCF2ACC-FA00-4A4E-AE81-DA011E02CA63}.Debug|Any CPU.ActiveCfg = Debug|Any CPU
		{DDCF2ACC-FA00-4A4E-AE81-DA011E02CA63}.Debug|Any CPU.Build.0 = Debug|Any CPU
		{DDCF2ACC-FA00-4A4E-AE81-DA011E02CA63}.Release|Any CPU.ActiveCfg = Release|Any CPU
		{DDCF2ACC-FA00-4A4E-AE81-DA011E02CA63}.Release|Any CPU.Build.0 = Release|Any CPU
		{82DD741C-E716-4AAF-A52F-2D7F336AA604}.Debug|Any CPU.ActiveCfg = Debug|Any CPU
		{82DD741C-E716-4AAF-A52F-2D7F336AA604}.Debug|Any CPU.Build.0 = Debug|Any CPU
		{82DD741C-E716-4AAF-A52F-2D7F336AA604}.Release|Any CPU.ActiveCfg = Release|Any CPU
		{82DD741C-E716-4AAF-A52F-2D7F336AA604}.Release|Any CPU.Build.0 = Release|Any CPU
		{426E83E7-BC5C-4825-B6B1-098EB6D2ED44}.Debug|Any CPU.ActiveCfg = Debug|Any CPU
		{426E83E7-BC5C-4825-B6B1-098EB6D2ED44}.Debug|Any CPU.Build.0 = Debug|Any CPU
		{426E83E7-BC5C-4825-B6B1-098EB6D2ED44}.Release|Any CPU.ActiveCfg = Release|Any CPU
		{426E83E7-BC5C-4825-B6B1-098EB6D2ED44}.Release|Any CPU.Build.0 = Release|Any CPU
		{98317E62-391E-474C-B9B7-AC6BDA195A26}.Debug|Any CPU.ActiveCfg = Debug|Any CPU
		{98317E62-391E-474C-B9B7-AC6BDA195A26}.Debug|Any CPU.Build.0 = Debug|Any CPU
		{98317E62-391E-474C-B9B7-AC6BDA195A26}.Release|Any CPU.ActiveCfg = Release|Any CPU
		{98317E62-391E-474C-B9B7-AC6BDA195A26}.Release|Any CPU.Build.0 = Release|Any CPU
		{2D90BA90-4EFE-4985-A0D1-6F1A78CDB459}.Debug|Any CPU.ActiveCfg = Debug|Any CPU
		{2D90BA90-4EFE-4985-A0D1-6F1A78CDB459}.Debug|Any CPU.Build.0 = Debug|Any CPU
		{2D90BA90-4EFE-4985-A0D1-6F1A78CDB459}.Release|Any CPU.ActiveCfg = Release|Any CPU
		{2D90BA90-4EFE-4985-A0D1-6F1A78CDB459}.Release|Any CPU.Build.0 = Release|Any CPU
		{20D4A386-B1A7-4F7D-9D29-627728C03BB3}.Debug|Any CPU.ActiveCfg = Debug|Any CPU
		{20D4A386-B1A7-4F7D-9D29-627728C03BB3}.Debug|Any CPU.Build.0 = Debug|Any CPU
		{20D4A386-B1A7-4F7D-9D29-627728C03BB3}.Release|Any CPU.ActiveCfg = Release|Any CPU
		{20D4A386-B1A7-4F7D-9D29-627728C03BB3}.Release|Any CPU.Build.0 = Release|Any CPU
		{4CB12F72-750E-48CB-9821-F22797861858}.Debug|Any CPU.ActiveCfg = Debug|Any CPU
		{4CB12F72-750E-48CB-9821-F22797861858}.Debug|Any CPU.Build.0 = Debug|Any CPU
		{4CB12F72-750E-48CB-9821-F22797861858}.Release|Any CPU.ActiveCfg = Release|Any CPU
		{4CB12F72-750E-48CB-9821-F22797861858}.Release|Any CPU.Build.0 = Release|Any CPU
		{19DC0037-2987-4EDD-B2F4-82A43CCA51FE}.Debug|Any CPU.ActiveCfg = Debug|Any CPU
		{19DC0037-2987-4EDD-B2F4-82A43CCA51FE}.Debug|Any CPU.Build.0 = Debug|Any CPU
		{19DC0037-2987-4EDD-B2F4-82A43CCA51FE}.Release|Any CPU.ActiveCfg = Release|Any CPU
		{19DC0037-2987-4EDD-B2F4-82A43CCA51FE}.Release|Any CPU.Build.0 = Release|Any CPU
		{02AA3F8C-2D7E-42E1-8FDD-FFEA3BD42433}.Debug|Any CPU.ActiveCfg = Debug|Any CPU
		{02AA3F8C-2D7E-42E1-8FDD-FFEA3BD42433}.Debug|Any CPU.Build.0 = Debug|Any CPU
		{02AA3F8C-2D7E-42E1-8FDD-FFEA3BD42433}.Release|Any CPU.ActiveCfg = Release|Any CPU
		{02AA3F8C-2D7E-42E1-8FDD-FFEA3BD42433}.Release|Any CPU.Build.0 = Release|Any CPU
		{0CD95E06-0131-4C42-8DBC-650039BA4F78}.Debug|Any CPU.ActiveCfg = Debug|Any CPU
		{0CD95E06-0131-4C42-8DBC-650039BA4F78}.Debug|Any CPU.Build.0 = Debug|Any CPU
		{0CD95E06-0131-4C42-8DBC-650039BA4F78}.Release|Any CPU.ActiveCfg = Release|Any CPU
		{0CD95E06-0131-4C42-8DBC-650039BA4F78}.Release|Any CPU.Build.0 = Release|Any CPU
	EndGlobalSection
	GlobalSection(SolutionProperties) = preSolution
		HideSolutionNode = FALSE
	EndGlobalSection
	GlobalSection(NestedProjects) = preSolution
		{3E2DDA1C-7ABC-42A4-BDC9-E7AFD57912A5} = {83798ADD-C0EF-4A4F-A672-8ED3081E69C6}
		{4D53B00D-F9D0-4E99-82E5-E9BB0FA0EF61} = {83798ADD-C0EF-4A4F-A672-8ED3081E69C6}
		{FEA9D706-CAEE-406D-80B2-9C12DA78AFA9} = {5E49C7F8-95E0-4764-ACAB-232CB2B49AC9}
		{8AF6AEB4-937D-423D-8EFB-782C13703543} = {5E49C7F8-95E0-4764-ACAB-232CB2B49AC9}
		{9D43EDD9-F774-4919-A09A-870B2F0C6549} = {C8426402-D58E-4F30-BF05-D34F9FA524C0}
		{DDCF2ACC-FA00-4A4E-AE81-DA011E02CA63} = {5E49C7F8-95E0-4764-ACAB-232CB2B49AC9}
		{82DD741C-E716-4AAF-A52F-2D7F336AA604} = {5E49C7F8-95E0-4764-ACAB-232CB2B49AC9}
		{426E83E7-BC5C-4825-B6B1-098EB6D2ED44} = {83798ADD-C0EF-4A4F-A672-8ED3081E69C6}
		{98317E62-391E-474C-B9B7-AC6BDA195A26} = {5E49C7F8-95E0-4764-ACAB-232CB2B49AC9}
		{2D90BA90-4EFE-4985-A0D1-6F1A78CDB459} = {83798ADD-C0EF-4A4F-A672-8ED3081E69C6}
		{20D4A386-B1A7-4F7D-9D29-627728C03BB3} = {5E49C7F8-95E0-4764-ACAB-232CB2B49AC9}
		{4CB12F72-750E-48CB-9821-F22797861858} = {5E49C7F8-95E0-4764-ACAB-232CB2B49AC9}
		{19DC0037-2987-4EDD-B2F4-82A43CCA51FE} = {5E49C7F8-95E0-4764-ACAB-232CB2B49AC9}
		{02AA3F8C-2D7E-42E1-8FDD-FFEA3BD42433} = {5E49C7F8-95E0-4764-ACAB-232CB2B49AC9}
		{0CD95E06-0131-4C42-8DBC-650039BA4F78} = {83798ADD-C0EF-4A4F-A672-8ED3081E69C6}
	EndGlobalSection
	GlobalSection(ExtensibilityGlobals) = postSolution
		SolutionGuid = {674166B8-DC2D-49D9-9477-6DEE5D14C0A8}
	EndGlobalSection
EndGlobal
